
Microsoft Visual Studio Solution File, Format Version 12.00
# Visual Studio Version 17
VisualStudioVersion = 17.4.33205.214
MinimumVisualStudioVersion = 10.0.40219.1
Project("{9A19103F-16F7-4668-BE54-9A1E7A4F7556}") = "TOOLS.GATEWAY", "TOOLS.GATEWAY.csproj", "{03412012-D855-461D-8686-68CBF88C09DC}"
EndProject
Project("{2150E333-8FDC-42A3-9474-1A3956D46DE8}") = "src", "src", "{39C9B78A-7020-4748-8CD6-278574F48F76}"
EndProject
Project("{9A19103F-16F7-4668-BE54-9A1E7A4F7556}") = "APPLICATION", "..\APPLICATION\APPLICATION.csproj", "{56AA62C5-514D-464C-ACCD-CF0A6BD3AEE6}"
EndProject
Project("{2150E333-8FDC-42A3-9474-1A3956D46DE8}") = "1 - GATEWAY", "1 - GATEWAY", "{2B3C9923-4628-41A6-9394-975770ACB79E}"
EndProject
Project("{2150E333-8FDC-42A3-9474-1A3956D46DE8}") = "2 - APPLICATION", "2 - APPLICATION", "{C20DAE08-DC42-40BC-856D-545517B4B64B}"
EndProject
Global
	GlobalSection(SolutionConfigurationPlatforms) = preSolution
		Debug|Any CPU = Debug|Any CPU
		Release|Any CPU = Release|Any CPU
	EndGlobalSection
	GlobalSection(ProjectConfigurationPlatforms) = postSolution
		{03412012-D855-461D-8686-68CBF88C09DC}.Debug|Any CPU.ActiveCfg = Debug|Any CPU
		{03412012-D855-461D-8686-68CBF88C09DC}.Debug|Any CPU.Build.0 = Debug|Any CPU
		{03412012-D855-461D-8686-68CBF88C09DC}.Release|Any CPU.ActiveCfg = Release|Any CPU
		{03412012-D855-461D-8686-68CBF88C09DC}.Release|Any CPU.Build.0 = Release|Any CPU
		{56AA62C5-514D-464C-ACCD-CF0A6BD3AEE6}.Debug|Any CPU.ActiveCfg = Debug|Any CPU
		{56AA62C5-514D-464C-ACCD-CF0A6BD3AEE6}.Debug|Any CPU.Build.0 = Debug|Any CPU
		{56AA62C5-514D-464C-ACCD-CF0A6BD3AEE6}.Release|Any CPU.ActiveCfg = Release|Any CPU
		{56AA62C5-514D-464C-ACCD-CF0A6BD3AEE6}.Release|Any CPU.Build.0 = Release|Any CPU
	EndGlobalSection
	GlobalSection(SolutionProperties) = preSolution
		HideSolutionNode = FALSE
	EndGlobalSection
	GlobalSection(NestedProjects) = preSolution
		{03412012-D855-461D-8686-68CBF88C09DC} = {2B3C9923-4628-41A6-9394-975770ACB79E}
		{56AA62C5-514D-464C-ACCD-CF0A6BD3AEE6} = {C20DAE08-DC42-40BC-856D-545517B4B64B}
		{2B3C9923-4628-41A6-9394-975770ACB79E} = {39C9B78A-7020-4748-8CD6-278574F48F76}
		{C20DAE08-DC42-40BC-856D-545517B4B64B} = {39C9B78A-7020-4748-8CD6-278574F48F76}
	EndGlobalSection
	GlobalSection(ExtensibilityGlobals) = postSolution
		SolutionGuid = {3FF20A07-E821-4A0D-9D17-AB1E7AF8C641}
	EndGlobalSection
EndGlobal
